// !$*UTF8*$!
{
	archiveVersion = 1;
	classes = {
	};
	objectVersion = 46;
	objects = {

/* Begin PBXBuildFile section */
		E507E282142A34AA005238A5 /* UIKit.framework in Frameworks */ = {isa = PBXBuildFile; fileRef = E507E281142A34AA005238A5 /* UIKit.framework */; };
		E507E284142A34AA005238A5 /* Foundation.framework in Frameworks */ = {isa = PBXBuildFile; fileRef = E507E283142A34AA005238A5 /* Foundation.framework */; };
		E507E286142A34AA005238A5 /* CoreGraphics.framework in Frameworks */ = {isa = PBXBuildFile; fileRef = E507E285142A34AA005238A5 /* CoreGraphics.framework */; };
		E507E28C142A34AA005238A5 /* InfoPlist.strings in Resources */ = {isa = PBXBuildFile; fileRef = E507E28A142A34AA005238A5 /* InfoPlist.strings */; };
		E507E28F142A34AA005238A5 /* main.m in Sources */ = {isa = PBXBuildFile; fileRef = E507E28E142A34AA005238A5 /* main.m */; };
		E507E292142A34AA005238A5 /* TaxCalcAppDelegate.m in Sources */ = {isa = PBXBuildFile; fileRef = E507E291142A34AA005238A5 /* TaxCalcAppDelegate.m */; };
		E507E295142A34AA005238A5 /* MainWindow.xib in Resources */ = {isa = PBXBuildFile; fileRef = E507E293142A34AA005238A5 /* MainWindow.xib */; };
		E507E298142A34AA005238A5 /* TaxCalcViewController.m in Sources */ = {isa = PBXBuildFile; fileRef = E507E297142A34AA005238A5 /* TaxCalcViewController.m */; };
		E507E29B142A34AA005238A5 /* TaxCalcViewController.xib in Resources */ = {isa = PBXBuildFile; fileRef = E507E299142A34AA005238A5 /* TaxCalcViewController.xib */; };
		E507E2A4142A3FF3005238A5 /* icon57.png in Resources */ = {isa = PBXBuildFile; fileRef = E507E2A2142A3FF3005238A5 /* icon57.png */; };
		E507E2A7142A4046005238A5 /* icon114.png in Resources */ = {isa = PBXBuildFile; fileRef = E507E2A6142A4046005238A5 /* icon114.png */; };
/* End PBXBuildFile section */

/* Begin PBXFileReference section */
		E507E27D142A34AA005238A5 /* TaxCalc.app */ = {isa = PBXFileReference; explicitFileType = wrapper.application; includeInIndex = 0; path = TaxCalc.app; sourceTree = BUILT_PRODUCTS_DIR; };
		E507E281142A34AA005238A5 /* UIKit.framework */ = {isa = PBXFileReference; lastKnownFileType = wrapper.framework; name = UIKit.framework; path = System/Library/Frameworks/UIKit.framework; sourceTree = SDKROOT; };
		E507E283142A34AA005238A5 /* Foundation.framework */ = {isa = PBXFileReference; lastKnownFileType = wrapper.framework; name = Foundation.framework; path = System/Library/Frameworks/Foundation.framework; sourceTree = SDKROOT; };
		E507E285142A34AA005238A5 /* CoreGraphics.framework */ = {isa = PBXFileReference; lastKnownFileType = wrapper.framework; name = CoreGraphics.framework; path = System/Library/Frameworks/CoreGraphics.framework; sourceTree = SDKROOT; };
		E507E289142A34AA005238A5 /* TaxCalc-Info.plist */ = {isa = PBXFileReference; lastKnownFileType = text.plist.xml; path = "TaxCalc-Info.plist"; sourceTree = "<group>"; };
		E507E28B142A34AA005238A5 /* en */ = {isa = PBXFileReference; lastKnownFileType = text.plist.strings; name = en; path = en.lproj/InfoPlist.strings; sourceTree = "<group>"; };
		E507E28D142A34AA005238A5 /* TaxCalc-Prefix.pch */ = {isa = PBXFileReference; lastKnownFileType = sourcecode.c.h; path = "TaxCalc-Prefix.pch"; sourceTree = "<group>"; };
		E507E28E142A34AA005238A5 /* main.m */ = {isa = PBXFileReference; lastKnownFileType = sourcecode.c.objc; path = main.m; sourceTree = "<group>"; };
		E507E290142A34AA005238A5 /* TaxCalcAppDelegate.h */ = {isa = PBXFileReference; lastKnownFileType = sourcecode.c.h; path = TaxCalcAppDelegate.h; sourceTree = "<group>"; };
		E507E291142A34AA005238A5 /* TaxCalcAppDelegate.m */ = {isa = PBXFileReference; lastKnownFileType = sourcecode.c.objc; path = TaxCalcAppDelegate.m; sourceTree = "<group>"; };
		E507E294142A34AA005238A5 /* en */ = {isa = PBXFileReference; lastKnownFileType = file.xib; name = en; path = en.lproj/MainWindow.xib; sourceTree = "<group>"; };
		E507E296142A34AA005238A5 /* TaxCalcViewController.h */ = {isa = PBXFileReference; lastKnownFileType = sourcecode.c.h; path = TaxCalcViewController.h; sourceTree = "<group>"; };
		E507E297142A34AA005238A5 /* TaxCalcViewController.m */ = {isa = PBXFileReference; lastKnownFileType = sourcecode.c.objc; path = TaxCalcViewController.m; sourceTree = "<group>"; };
		E507E29A142A34AA005238A5 /* en */ = {isa = PBXFileReference; lastKnownFileType = file.xib; name = en; path = en.lproj/TaxCalcViewController.xib; sourceTree = "<group>"; };
		E507E2A2142A3FF3005238A5 /* icon57.png */ = {isa = PBXFileReference; lastKnownFileType = image.png; path = icon57.png; sourceTree = "<group>"; };
		E507E2A6142A4046005238A5 /* icon114.png */ = {isa = PBXFileReference; lastKnownFileType = image.png; path = icon114.png; sourceTree = "<group>"; };
/* End PBXFileReference section */

/* Begin PBXFrameworksBuildPhase section */
		E507E27A142A34AA005238A5 /* Frameworks */ = {
			isa = PBXFrameworksBuildPhase;
			buildActionMask = 2147483647;
			files = (
				E507E282142A34AA005238A5 /* UIKit.framework in Frameworks */,
				E507E284142A34AA005238A5 /* Foundation.framework in Frameworks */,
				E507E286142A34AA005238A5 /* CoreGraphics.framework in Frameworks */,
			);
			runOnlyForDeploymentPostprocessing = 0;
		};
/* End PBXFrameworksBuildPhase section */

/* Begin PBXGroup section */
		E507E272142A34A9005238A5 = {
			isa = PBXGroup;
			children = (
				E507E2A1142A3FD6005238A5 /* Resources */,
				E507E287142A34AA005238A5 /* TaxCalc */,
				E507E280142A34AA005238A5 /* Frameworks */,
				E507E27E142A34AA005238A5 /* Products */,
			);
			sourceTree = "<group>";
		};
		E507E27E142A34AA005238A5 /* Products */ = {
			isa = PBXGroup;
			children = (
				E507E27D142A34AA005238A5 /* TaxCalc.app */,
			);
			name = Products;
			sourceTree = "<group>";
		};
		E507E280142A34AA005238A5 /* Frameworks */ = {
			isa = PBXGroup;
			children = (
				E507E281142A34AA005238A5 /* UIKit.framework */,
				E507E283142A34AA005238A5 /* Foundation.framework */,
				E507E285142A34AA005238A5 /* CoreGraphics.framework */,
			);
			name = Frameworks;
			sourceTree = "<group>";
		};
		E507E287142A34AA005238A5 /* TaxCalc */ = {
			isa = PBXGroup;
			children = (
				E507E290142A34AA005238A5 /* TaxCalcAppDelegate.h */,
				E507E291142A34AA005238A5 /* TaxCalcAppDelegate.m */,
				E507E293142A34AA005238A5 /* MainWindow.xib */,
				E507E296142A34AA005238A5 /* TaxCalcViewController.h */,
				E507E297142A34AA005238A5 /* TaxCalcViewController.m */,
				E507E299142A34AA005238A5 /* TaxCalcViewController.xib */,
				E507E288142A34AA005238A5 /* Supporting Files */,
			);
			path = TaxCalc;
			sourceTree = "<group>";
		};
		E507E288142A34AA005238A5 /* Supporting Files */ = {
			isa = PBXGroup;
			children = (
				E507E289142A34AA005238A5 /* TaxCalc-Info.plist */,
				E507E28A142A34AA005238A5 /* InfoPlist.strings */,
				E507E28D142A34AA005238A5 /* TaxCalc-Prefix.pch */,
				E507E28E142A34AA005238A5 /* main.m */,
			);
			name = "Supporting Files";
			sourceTree = "<group>";
		};
		E507E2A1142A3FD6005238A5 /* Resources */ = {
			isa = PBXGroup;
			children = (
				E507E2A6142A4046005238A5 /* icon114.png */,
				E507E2A2142A3FF3005238A5 /* icon57.png */,
			);
			name = Resources;
			sourceTree = "<group>";
		};
/* End PBXGroup section */

/* Begin PBXNativeTarget section */
		E507E27C142A34AA005238A5 /* TaxCalc */ = {
			isa = PBXNativeTarget;
			buildConfigurationList = E507E29E142A34AA005238A5 /* Build configuration list for PBXNativeTarget "TaxCalc" */;
			buildPhases = (
				E507E279142A34AA005238A5 /* Sources */,
				E507E27A142A34AA005238A5 /* Frameworks */,
				E507E27B142A34AA005238A5 /* Resources */,
			);
			buildRules = (
			);
			dependencies = (
			);
			name = TaxCalc;
			productName = TaxCalc;
			productReference = E507E27D142A34AA005238A5 /* TaxCalc.app */;
			productType = "com.apple.product-type.application";
		};
/* End PBXNativeTarget section */

/* Begin PBXProject section */
		E507E274142A34A9005238A5 /* Project object */ = {
			isa = PBXProject;
			attributes = {
				ORGANIZATIONNAME = home;
			};
			buildConfigurationList = E507E277142A34A9005238A5 /* Build configuration list for PBXProject "TaxCalc" */;
			compatibilityVersion = "Xcode 3.2";
			developmentRegion = English;
			hasScannedForEncodings = 0;
			knownRegions = (
				en,
			);
			mainGroup = E507E272142A34A9005238A5;
			productRefGroup = E507E27E142A34AA005238A5 /* Products */;
			projectDirPath = "";
			projectRoot = "";
			targets = (
				E507E27C142A34AA005238A5 /* TaxCalc */,
			);
		};
/* End PBXProject section */

/* Begin PBXResourcesBuildPhase section */
		E507E27B142A34AA005238A5 /* Resources */ = {
			isa = PBXResourcesBuildPhase;
			buildActionMask = 2147483647;
			files = (
				E507E28C142A34AA005238A5 /* InfoPlist.strings in Resources */,
				E507E295142A34AA005238A5 /* MainWindow.xib in Resources */,
				E507E29B142A34AA005238A5 /* TaxCalcViewController.xib in Resources */,
				E507E2A4142A3FF3005238A5 /* icon57.png in Resources */,
				E507E2A7142A4046005238A5 /* icon114.png in Resources */,
			);
			runOnlyForDeploymentPostprocessing = 0;
		};
/* End PBXResourcesBuildPhase section */

/* Begin PBXSourcesBuildPhase section */
		E507E279142A34AA005238A5 /* Sources */ = {
			isa = PBXSourcesBuildPhase;
			buildActionMask = 2147483647;
			files = (
				E507E28F142A34AA005238A5 /* main.m in Sources */,
				E507E292142A34AA005238A5 /* TaxCalcAppDelegate.m in Sources */,
				E507E298142A34AA005238A5 /* TaxCalcViewController.m in Sources */,
			);
			runOnlyForDeploymentPostprocessing = 0;
		};
/* End PBXSourcesBuildPhase section */

/* Begin PBXVariantGroup section */
		E507E28A142A34AA005238A5 /* InfoPlist.strings */ = {
			isa = PBXVariantGroup;
			children = (
				E507E28B142A34AA005238A5 /* en */,
			);
			name = InfoPlist.strings;
			sourceTree = "<group>";
		};
		E507E293142A34AA005238A5 /* MainWindow.xib */ = {
			isa = PBXVariantGroup;
			children = (
				E507E294142A34AA005238A5 /* en */,
			);
			name = MainWindow.xib;
			sourceTree = "<group>";
		};
		E507E299142A34AA005238A5 /* TaxCalcViewController.xib */ = {
			isa = PBXVariantGroup;
			children = (
				E507E29A142A34AA005238A5 /* en */,
			);
			name = TaxCalcViewController.xib;
			sourceTree = "<group>";
		};
/* End PBXVariantGroup section */

/* Begin XCBuildConfiguration section */
		E507E29C142A34AA005238A5 /* Debug */ = {
			isa = XCBuildConfiguration;
			buildSettings = {
				ARCHS = "$(ARCHS_STANDARD_32_BIT)";
				"CODE_SIGN_IDENTITY[sdk=iphoneos*]" = "iPhone Developer";
				GCC_C_LANGUAGE_STANDARD = gnu99;
				GCC_OPTIMIZATION_LEVEL = 0;
				GCC_PREPROCESSOR_DEFINITIONS = DEBUG;
				GCC_SYMBOLS_PRIVATE_EXTERN = NO;
				GCC_VERSION = com.apple.compilers.llvmgcc42;
				GCC_WARN_ABOUT_RETURN_TYPE = YES;
				GCC_WARN_UNUSED_VARIABLE = YES;
				IPHONEOS_DEPLOYMENT_TARGET = 5.0;
				SDKROOT = iphoneos;
			};
			name = Debug;
		};
		E507E29D142A34AA005238A5 /* Release */ = {
			isa = XCBuildConfiguration;
			buildSettings = {
				ARCHS = "$(ARCHS_STANDARD_32_BIT)";
				"CODE_SIGN_IDENTITY[sdk=iphoneos*]" = "iPhone Developer";
				GCC_C_LANGUAGE_STANDARD = gnu99;
				GCC_VERSION = com.apple.compilers.llvmgcc42;
				GCC_WARN_ABOUT_RETURN_TYPE = YES;
				GCC_WARN_UNUSED_VARIABLE = YES;
				IPHONEOS_DEPLOYMENT_TARGET = 5.0;
				OTHER_CFLAGS = "-DNS_BLOCK_ASSERTIONS=1";
				SDKROOT = iphoneos;
			};
			name = Release;
		};
		E507E29F142A34AA005238A5 /* Debug */ = {
			isa = XCBuildConfiguration;
			buildSettings = {
				ALWAYS_SEARCH_USER_PATHS = NO;
				COPY_PHASE_STRIP = NO;
				GCC_DYNAMIC_NO_PIC = NO;
				GCC_PRECOMPILE_PREFIX_HEADER = YES;
				GCC_PREFIX_HEADER = "TaxCalc/TaxCalc-Prefix.pch";
				INFOPLIST_FILE = "TaxCalc/TaxCalc-Info.plist";
				IPHONEOS_DEPLOYMENT_TARGET = 5.0;
				PRODUCT_NAME = "$(TARGET_NAME)";
				TARGETED_DEVICE_FAMILY = 1;
				WRAPPER_EXTENSION = app;
			};
			name = Debug;
		};
		E507E2A0142A34AA005238A5 /* Release */ = {
			isa = XCBuildConfiguration;
			buildSettings = {
				ALWAYS_SEARCH_USER_PATHS = NO;
				COPY_PHASE_STRIP = YES;
				GCC_PRECOMPILE_PREFIX_HEADER = YES;
				GCC_PREFIX_HEADER = "TaxCalc/TaxCalc-Prefix.pch";
				INFOPLIST_FILE = "TaxCalc/TaxCalc-Info.plist";
				IPHONEOS_DEPLOYMENT_TARGET = 5.0;
				PRODUCT_NAME = "$(TARGET_NAME)";
				TARGETED_DEVICE_FAMILY = 1;
				VALIDATE_PRODUCT = YES;
				WRAPPER_EXTENSION = app;
			};
			name = Release;
		};
/* End XCBuildConfiguration section */

/* Begin XCConfigurationList section */
		E507E277142A34A9005238A5 /* Build configuration list for PBXProject "TaxCalc" */ = {
			isa = XCConfigurationList;
			buildConfigurations = (
				E507E29C142A34AA005238A5 /* Debug */,
				E507E29D142A34AA005238A5 /* Release */,
			);
			defaultConfigurationIsVisible = 0;
			defaultConfigurationName = Release;
		};
		E507E29E142A34AA005238A5 /* Build configuration list for PBXNativeTarget "TaxCalc" */ = {
			isa = XCConfigurationList;
			buildConfigurations = (
				E507E29F142A34AA005238A5 /* Debug */,
				E507E2A0142A34AA005238A5 /* Release */,
			);
			defaultConfigurationIsVisible = 0;
			defaultConfigurationName = Release;
		};
/* End XCConfigurationList section */
	};
	rootObject = E507E274142A34A9005238A5 /* Project object */;
}
